// !$*UTF8*$!
{
	archiveVersion = 1;
	classes = {
	};
	objectVersion = 55;
	objects = {

/* Begin PBXBuildFile section */
		8B0A432527FA114A00A17992 /* AppDelegate.swift in Sources */ = {isa = PBXBuildFile; fileRef = 8B0A432427FA114A00A17992 /* AppDelegate.swift */; };
		8B0A432727FA114A00A17992 /* SceneDelegate.swift in Sources */ = {isa = PBXBuildFile; fileRef = 8B0A432627FA114A00A17992 /* SceneDelegate.swift */; };
		8B0A432927FA114A00A17992 /* WeatherViewController.swift in Sources */ = {isa = PBXBuildFile; fileRef = 8B0A432827FA114A00A17992 /* WeatherViewController.swift */; };
		8B0A432C27FA114A00A17992 /* Main.storyboard in Resources */ = {isa = PBXBuildFile; fileRef = 8B0A432A27FA114A00A17992 /* Main.storyboard */; };
		8B0A432E27FA115100A17992 /* Assets.xcassets in Resources */ = {isa = PBXBuildFile; fileRef = 8B0A432D27FA115100A17992 /* Assets.xcassets */; };
		8B0A433127FA115100A17992 /* LaunchScreen.storyboard in Resources */ = {isa = PBXBuildFile; fileRef = 8B0A432F27FA115100A17992 /* LaunchScreen.storyboard */; };
		8B0CD2B727FA399A00CD7049 /* WeatherModel.swift in Sources */ = {isa = PBXBuildFile; fileRef = 8B0CD2B627FA399A00CD7049 /* WeatherModel.swift */; };
		8B0CD2BA27FA3B8100CD7049 /* NetworkManager.swift in Sources */ = {isa = PBXBuildFile; fileRef = 8B0CD2B927FA3B8100CD7049 /* NetworkManager.swift */; };
		8B0D501127FC6BA500C374DE /* ForecastTableViewCell.swift in Sources */ = {isa = PBXBuildFile; fileRef = 8B0D501027FC6BA500C374DE /* ForecastTableViewCell.swift */; };
		8B14D16D27FB664F00A6F40C /* DataManager.swift in Sources */ = {isa = PBXBuildFile; fileRef = 8B14D16C27FB664F00A6F40C /* DataManager.swift */; };
/* End PBXBuildFile section */

/* Begin PBXFileReference section */
		8B0A432127FA114A00A17992 /* Lesson 2.10.app */ = {isa = PBXFileReference; explicitFileType = wrapper.application; includeInIndex = 0; path = "Lesson 2.10.app"; sourceTree = BUILT_PRODUCTS_DIR; };
		8B0A432427FA114A00A17992 /* AppDelegate.swift */ = {isa = PBXFileReference; lastKnownFileType = sourcecode.swift; path = AppDelegate.swift; sourceTree = "<group>"; };
		8B0A432627FA114A00A17992 /* SceneDelegate.swift */ = {isa = PBXFileReference; lastKnownFileType = sourcecode.swift; path = SceneDelegate.swift; sourceTree = "<group>"; };
		8B0A432827FA114A00A17992 /* WeatherViewController.swift */ = {isa = PBXFileReference; lastKnownFileType = sourcecode.swift; path = WeatherViewController.swift; sourceTree = "<group>"; };
		8B0A432B27FA114A00A17992 /* Base */ = {isa = PBXFileReference; lastKnownFileType = file.storyboard; name = Base; path = Base.lproj/Main.storyboard; sourceTree = "<group>"; };
		8B0A432D27FA115100A17992 /* Assets.xcassets */ = {isa = PBXFileReference; lastKnownFileType = folder.assetcatalog; path = Assets.xcassets; sourceTree = "<group>"; };
		8B0A433027FA115100A17992 /* Base */ = {isa = PBXFileReference; lastKnownFileType = file.storyboard; name = Base; path = Base.lproj/LaunchScreen.storyboard; sourceTree = "<group>"; };
		8B0A433227FA115100A17992 /* Info.plist */ = {isa = PBXFileReference; lastKnownFileType = text.plist.xml; path = Info.plist; sourceTree = "<group>"; };
		8B0CD2B627FA399A00CD7049 /* WeatherModel.swift */ = {isa = PBXFileReference; lastKnownFileType = sourcecode.swift; path = WeatherModel.swift; sourceTree = "<group>"; };
		8B0CD2B927FA3B8100CD7049 /* NetworkManager.swift */ = {isa = PBXFileReference; lastKnownFileType = sourcecode.swift; path = NetworkManager.swift; sourceTree = "<group>"; };
		8B0D501027FC6BA500C374DE /* ForecastTableViewCell.swift */ = {isa = PBXFileReference; lastKnownFileType = sourcecode.swift; path = ForecastTableViewCell.swift; sourceTree = "<group>"; };
		8B14D16C27FB664F00A6F40C /* DataManager.swift */ = {isa = PBXFileReference; lastKnownFileType = sourcecode.swift; path = DataManager.swift; sourceTree = "<group>"; };
/* End PBXFileReference section */

/* Begin PBXFrameworksBuildPhase section */
		8B0A431E27FA114A00A17992 /* Frameworks */ = {
			isa = PBXFrameworksBuildPhase;
			buildActionMask = 2147483647;
			files = (
			);
			runOnlyForDeploymentPostprocessing = 0;
		};
/* End PBXFrameworksBuildPhase section */

/* Begin PBXGroup section */
		8B0A431827FA114A00A17992 = {
			isa = PBXGroup;
			children = (
				8B0A432327FA114A00A17992 /* Lesson 2.10 */,
				8B0A432227FA114A00A17992 /* Products */,
			);
			sourceTree = "<group>";
		};
		8B0A432227FA114A00A17992 /* Products */ = {
			isa = PBXGroup;
			children = (
				8B0A432127FA114A00A17992 /* Lesson 2.10.app */,
			);
			name = Products;
			sourceTree = "<group>";
		};
		8B0A432327FA114A00A17992 /* Lesson 2.10 */ = {
			isa = PBXGroup;
			children = (
				8B0CD2B827FA3B5B00CD7049 /* Service Layers */,
				8B0A433827FA116000A17992 /* Models */,
				8B14D16E27FB7B8F00A6F40C /* App */,
				8B0D500F27FC6B8000C374DE /* View Controllers */,
				8B0A433A27FA11E000A17992 /* Storyboards */,
				8B0A433927FA119300A17992 /* Resources */,
				8B0A433227FA115100A17992 /* Info.plist */,
			);
			path = "Lesson 2.10";
			sourceTree = "<group>";
		};
		8B0A433827FA116000A17992 /* Models */ = {
			isa = PBXGroup;
			children = (
				8B0CD2B627FA399A00CD7049 /* WeatherModel.swift */,
			);
			path = Models;
			sourceTree = "<group>";
		};
		8B0A433927FA119300A17992 /* Resources */ = {
			isa = PBXGroup;
			children = (
				8B0A432D27FA115100A17992 /* Assets.xcassets */,
			);
			path = Resources;
			sourceTree = "<group>";
		};
		8B0A433A27FA11E000A17992 /* Storyboards */ = {
			isa = PBXGroup;
			children = (
				8B0A432A27FA114A00A17992 /* Main.storyboard */,
				8B0A432F27FA115100A17992 /* LaunchScreen.storyboard */,
			);
			path = Storyboards;
			sourceTree = "<group>";
		};
		8B0CD2B827FA3B5B00CD7049 /* Service Layers */ = {
			isa = PBXGroup;
			children = (
				8B0CD2B927FA3B8100CD7049 /* NetworkManager.swift */,
				8B14D16C27FB664F00A6F40C /* DataManager.swift */,
			);
			path = "Service Layers";
			sourceTree = "<group>";
		};
		8B0D500F27FC6B8000C374DE /* View Controllers */ = {
			isa = PBXGroup;
			children = (
				8B0A432827FA114A00A17992 /* WeatherViewController.swift */,
				8B0D501027FC6BA500C374DE /* ForecastTableViewCell.swift */,
			);
			path = "View Controllers";
			sourceTree = "<group>";
		};
		8B14D16E27FB7B8F00A6F40C /* App */ = {
			isa = PBXGroup;
			children = (
				8B0A432427FA114A00A17992 /* AppDelegate.swift */,
				8B0A432627FA114A00A17992 /* SceneDelegate.swift */,
			);
			path = App;
			sourceTree = "<group>";
		};
/* End PBXGroup section */

/* Begin PBXNativeTarget section */
		8B0A432027FA114A00A17992 /* Lesson 2.10 */ = {
			isa = PBXNativeTarget;
			buildConfigurationList = 8B0A433527FA115100A17992 /* Build configuration list for PBXNativeTarget "Lesson 2.10" */;
			buildPhases = (
				8B0A431D27FA114A00A17992 /* Sources */,
				8B0A431E27FA114A00A17992 /* Frameworks */,
				8B0A431F27FA114A00A17992 /* Resources */,
			);
			buildRules = (
			);
			dependencies = (
			);
			name = "Lesson 2.10";
			productName = "Lesson 2.10";
			productReference = 8B0A432127FA114A00A17992 /* Lesson 2.10.app */;
			productType = "com.apple.product-type.application";
		};
/* End PBXNativeTarget section */

/* Begin PBXProject section */
		8B0A431927FA114A00A17992 /* Project object */ = {
			isa = PBXProject;
			attributes = {
				BuildIndependentTargetsInParallel = 1;
				LastSwiftUpdateCheck = 1330;
				LastUpgradeCheck = 1330;
				TargetAttributes = {
					8B0A432027FA114A00A17992 = {
						CreatedOnToolsVersion = 13.3;
					};
				};
			};
			buildConfigurationList = 8B0A431C27FA114A00A17992 /* Build configuration list for PBXProject "Lesson 2.10" */;
			compatibilityVersion = "Xcode 13.0";
			developmentRegion = en;
			hasScannedForEncodings = 0;
			knownRegions = (
				en,
				Base,
			);
			mainGroup = 8B0A431827FA114A00A17992;
			productRefGroup = 8B0A432227FA114A00A17992 /* Products */;
			projectDirPath = "";
			projectRoot = "";
			targets = (
				8B0A432027FA114A00A17992 /* Lesson 2.10 */,
			);
		};
/* End PBXProject section */

/* Begin PBXResourcesBuildPhase section */
		8B0A431F27FA114A00A17992 /* Resources */ = {
			isa = PBXResourcesBuildPhase;
			buildActionMask = 2147483647;
			files = (
				8B0A433127FA115100A17992 /* LaunchScreen.storyboard in Resources */,
				8B0A432E27FA115100A17992 /* Assets.xcassets in Resources */,
				8B0A432C27FA114A00A17992 /* Main.storyboard in Resources */,
			);
			runOnlyForDeploymentPostprocessing = 0;
		};
/* End PBXResourcesBuildPhase section */

/* Begin PBXSourcesBuildPhase section */
		8B0A431D27FA114A00A17992 /* Sources */ = {
			isa = PBXSourcesBuildPhase;
			buildActionMask = 2147483647;
			files = (
				8B0A432927FA114A00A17992 /* WeatherViewController.swift in Sources */,
				8B14D16D27FB664F00A6F40C /* DataManager.swift in Sources */,
				8B0A432527FA114A00A17992 /* AppDelegate.swift in Sources */,
				8B0CD2BA27FA3B8100CD7049 /* NetworkManager.swift in Sources */,
				8B0D501127FC6BA500C374DE /* ForecastTableViewCell.swift in Sources */,
				8B0CD2B727FA399A00CD7049 /* WeatherModel.swift in Sources */,
				8B0A432727FA114A00A17992 /* SceneDelegate.swift in Sources */,
			);
			runOnlyForDeploymentPostprocessing = 0;
		};
/* End PBXSourcesBuildPhase section */

/* Begin PBXVariantGroup section */
		8B0A432A27FA114A00A17992 /* Main.storyboard */ = {
			isa = PBXVariantGroup;
			children = (
				8B0A432B27FA114A00A17992 /* Base */,
			);
			name = Main.storyboard;
			sourceTree = "<group>";
		};
		8B0A432F27FA115100A17992 /* LaunchScreen.storyboard */ = {
			isa = PBXVariantGroup;
			children = (
				8B0A433027FA115100A17992 /* Base */,
			);
			name = LaunchScreen.storyboard;
			sourceTree = "<group>";
		};
/* End PBXVariantGroup section */

/* Begin XCBuildConfiguration section */
		8B0A433327FA115100A17992 /* Debug */ = {
			isa = XCBuildConfiguration;
			buildSettings = {
				ALWAYS_SEARCH_USER_PATHS = NO;
				CLANG_ANALYZER_NONNULL = YES;
				CLANG_ANALYZER_NUMBER_OBJECT_CONVERSION = YES_AGGRESSIVE;
				CLANG_CXX_LANGUAGE_STANDARD = "gnu++17";
				CLANG_ENABLE_MODULES = YES;
				CLANG_ENABLE_OBJC_ARC = YES;
				CLANG_ENABLE_OBJC_WEAK = YES;
				CLANG_WARN_BLOCK_CAPTURE_AUTORELEASING = YES;
				CLANG_WARN_BOOL_CONVERSION = YES;
				CLANG_WARN_COMMA = YES;
				CLANG_WARN_CONSTANT_CONVERSION = YES;
				CLANG_WARN_DEPRECATED_OBJC_IMPLEMENTATIONS = YES;
				CLANG_WARN_DIRECT_OBJC_ISA_USAGE = YES_ERROR;
				CLANG_WARN_DOCUMENTATION_COMMENTS = YES;
				CLANG_WARN_EMPTY_BODY = YES;
				CLANG_WARN_ENUM_CONVERSION = YES;
				CLANG_WARN_INFINITE_RECURSION = YES;
				CLANG_WARN_INT_CONVERSION = YES;
				CLANG_WARN_NON_LITERAL_NULL_CONVERSION = YES;
				CLANG_WARN_OBJC_IMPLICIT_RETAIN_SELF = YES;
				CLANG_WARN_OBJC_LITERAL_CONVERSION = YES;
				CLANG_WARN_OBJC_ROOT_CLASS = YES_ERROR;
				CLANG_WARN_QUOTED_INCLUDE_IN_FRAMEWORK_HEADER = YES;
				CLANG_WARN_RANGE_LOOP_ANALYSIS = YES;
				CLANG_WARN_STRICT_PROTOTYPES = YES;
				CLANG_WARN_SUSPICIOUS_MOVE = YES;
				CLANG_WARN_UNGUARDED_AVAILABILITY = YES_AGGRESSIVE;
				CLANG_WARN_UNREACHABLE_CODE = YES;
				CLANG_WARN__DUPLICATE_METHOD_MATCH = YES;
				COPY_PHASE_STRIP = NO;
				DEBUG_INFORMATION_FORMAT = dwarf;
				ENABLE_STRICT_OBJC_MSGSEND = YES;
				ENABLE_TESTABILITY = YES;
				GCC_C_LANGUAGE_STANDARD = gnu11;
				GCC_DYNAMIC_NO_PIC = NO;
				GCC_NO_COMMON_BLOCKS = YES;
				GCC_OPTIMIZATION_LEVEL = 0;
				GCC_PREPROCESSOR_DEFINITIONS = (
					"DEBUG=1",
					"$(inherited)",
				);
				GCC_WARN_64_TO_32_BIT_CONVERSION = YES;
				GCC_WARN_ABOUT_RETURN_TYPE = YES_ERROR;
				GCC_WARN_UNDECLARED_SELECTOR = YES;
				GCC_WARN_UNINITIALIZED_AUTOS = YES_AGGRESSIVE;
				GCC_WARN_UNUSED_FUNCTION = YES;
				GCC_WARN_UNUSED_VARIABLE = YES;
				IPHONEOS_DEPLOYMENT_TARGET = 15.4;
				MTL_ENABLE_DEBUG_INFO = INCLUDE_SOURCE;
				MTL_FAST_MATH = YES;
				ONLY_ACTIVE_ARCH = YES;
				SDKROOT = iphoneos;
				SWIFT_ACTIVE_COMPILATION_CONDITIONS = DEBUG;
				SWIFT_OPTIMIZATION_LEVEL = "-Onone";
			};
			name = Debug;
		};
		8B0A433427FA115100A17992 /* Release */ = {
			isa = XCBuildConfiguration;
			buildSettings = {
				ALWAYS_SEARCH_USER_PATHS = NO;
				CLANG_ANALYZER_NONNULL = YES;
				CLANG_ANALYZER_NUMBER_OBJECT_CONVERSION = YES_AGGRESSIVE;
				CLANG_CXX_LANGUAGE_STANDARD = "gnu++17";
				CLANG_ENABLE_MODULES = YES;
				CLANG_ENABLE_OBJC_ARC = YES;
				CLANG_ENABLE_OBJC_WEAK = YES;
				CLANG_WARN_BLOCK_CAPTURE_AUTORELEASING = YES;
				CLANG_WARN_BOOL_CONVERSION = YES;
				CLANG_WARN_COMMA = YES;
				CLANG_WARN_CONSTANT_CONVERSION = YES;
				CLANG_WARN_DEPRECATED_OBJC_IMPLEMENTATIONS = YES;
				CLANG_WARN_DIRECT_OBJC_ISA_USAGE = YES_ERROR;
				CLANG_WARN_DOCUMENTATION_COMMENTS = YES;
				CLANG_WARN_EMPTY_BODY = YES;
				CLANG_WARN_ENUM_CONVERSION = YES;
				CLANG_WARN_INFINITE_RECURSION = YES;
				CLANG_WARN_INT_CONVERSION = YES;
				CLANG_WARN_NON_LITERAL_NULL_CONVERSION = YES;
				CLANG_WARN_OBJC_IMPLICIT_RETAIN_SELF = YES;
				CLANG_WARN_OBJC_LITERAL_CONVERSION = YES;
				CLANG_WARN_OBJC_ROOT_CLASS = YES_ERROR;
				CLANG_WARN_QUOTED_INCLUDE_IN_FRAMEWORK_HEADER = YES;
				CLANG_WARN_RANGE_LOOP_ANALYSIS = YES;
				CLANG_WARN_STRICT_PROTOTYPES = YES;
				CLANG_WARN_SUSPICIOUS_MOVE = YES;
				CLANG_WARN_UNGUARDED_AVAILABILITY = YES_AGGRESSIVE;
				CLANG_WARN_UNREACHABLE_CODE = YES;
				CLANG_WARN__DUPLICATE_METHOD_MATCH = YES;
				COPY_PHASE_STRIP = NO;
				DEBUG_INFORMATION_FORMAT = "dwarf-with-dsym";
				ENABLE_NS_ASSERTIONS = NO;
				ENABLE_STRICT_OBJC_MSGSEND = YES;
				GCC_C_LANGUAGE_STANDARD = gnu11;
				GCC_NO_COMMON_BLOCKS = YES;
				GCC_WARN_64_TO_32_BIT_CONVERSION = YES;
				GCC_WARN_ABOUT_RETURN_TYPE = YES_ERROR;
				GCC_WARN_UNDECLARED_SELECTOR = YES;
				GCC_WARN_UNINITIALIZED_AUTOS = YES_AGGRESSIVE;
				GCC_WARN_UNUSED_FUNCTION = YES;
				GCC_WARN_UNUSED_VARIABLE = YES;
				IPHONEOS_DEPLOYMENT_TARGET = 15.4;
				MTL_ENABLE_DEBUG_INFO = NO;
				MTL_FAST_MATH = YES;
				SDKROOT = iphoneos;
				SWIFT_COMPILATION_MODE = wholemodule;
				SWIFT_OPTIMIZATION_LEVEL = "-O";
				VALIDATE_PRODUCT = YES;
			};
			name = Release;
		};
		8B0A433627FA115100A17992 /* Debug */ = {
			isa = XCBuildConfiguration;
			buildSettings = {
				ASSETCATALOG_COMPILER_APPICON_NAME = AppIcon;
				ASSETCATALOG_COMPILER_GLOBAL_ACCENT_COLOR_NAME = AccentColor;
				CODE_SIGN_STYLE = Automatic;
				CURRENT_PROJECT_VERSION = 1;
				DEVELOPMENT_TEAM = PW697ZQRTK;
				GENERATE_INFOPLIST_FILE = YES;
				INFOPLIST_FILE = "Lesson 2.10/Info.plist";
				INFOPLIST_KEY_UIApplicationSupportsIndirectInputEvents = YES;
				INFOPLIST_KEY_UILaunchStoryboardName = LaunchScreen;
				INFOPLIST_KEY_UIMainStoryboardFile = Main;
				INFOPLIST_KEY_UISupportedInterfaceOrientations = UIInterfaceOrientationPortrait;
				INFOPLIST_KEY_UISupportedInterfaceOrientations_iPad = "UIInterfaceOrientationPortrait UIInterfaceOrientationPortraitUpsideDown UIInterfaceOrientationLandscapeLeft UIInterfaceOrientationLandscapeRight";
				INFOPLIST_KEY_UISupportedInterfaceOrientations_iPhone = "UIInterfaceOrientationPortrait UIInterfaceOrientationLandscapeLeft UIInterfaceOrientationLandscapeRight";
				LD_RUNPATH_SEARCH_PATHS = (
					"$(inherited)",
					"@executable_path/Frameworks",
				);
				MARKETING_VERSION = 1.0;
				PRODUCT_BUNDLE_IDENTIFIER = "SwiftBook.Lesson-2-10";
				PRODUCT_NAME = "$(TARGET_NAME)";
				SWIFT_EMIT_LOC_STRINGS = YES;
				SWIFT_VERSION = 5.0;
				TARGETED_DEVICE_FAMILY = "1,2";
			};
			name = Debug;
		};
		8B0A433727FA115100A17992 /* Release */ = {
			isa = XCBuildConfiguration;
			buildSettings = {
				ASSETCATALOG_COMPILER_APPICON_NAME = AppIcon;
				ASSETCATALOG_COMPILER_GLOBAL_ACCENT_COLOR_NAME = AccentColor;
				CODE_SIGN_STYLE = Automatic;
				CURRENT_PROJECT_VERSION = 1;
				DEVELOPMENT_TEAM = PW697ZQRTK;
				GENERATE_INFOPLIST_FILE = YES;
				INFOPLIST_FILE = "Lesson 2.10/Info.plist";
				INFOPLIST_KEY_UIApplicationSupportsIndirectInputEvents = YES;
				INFOPLIST_KEY_UILaunchStoryboardName = LaunchScreen;
				INFOPLIST_KEY_UIMainStoryboardFile = Main;
				INFOPLIST_KEY_UISupportedInterfaceOrientations = UIInterfaceOrientationPortrait;
				INFOPLIST_KEY_UISupportedInterfaceOrientations_iPad = "UIInterfaceOrientationPortrait UIInterfaceOrientationPortraitUpsideDown UIInterfaceOrientationLandscapeLeft UIInterfaceOrientationLandscapeRight";
				INFOPLIST_KEY_UISupportedInterfaceOrientations_iPhone = "UIInterfaceOrientationPortrait UIInterfaceOrientationLandscapeLeft UIInterfaceOrientationLandscapeRight";
				LD_RUNPATH_SEARCH_PATHS = (
					"$(inherited)",
					"@executable_path/Frameworks",
				);
				MARKETING_VERSION = 1.0;
				PRODUCT_BUNDLE_IDENTIFIER = "SwiftBook.Lesson-2-10";
				PRODUCT_NAME = "$(TARGET_NAME)";
				SWIFT_EMIT_LOC_STRINGS = YES;
				SWIFT_VERSION = 5.0;
				TARGETED_DEVICE_FAMILY = "1,2";
			};
			name = Release;
		};
/* End XCBuildConfiguration section */

/* Begin XCConfigurationList section */
		8B0A431C27FA114A00A17992 /* Build configuration list for PBXProject "Lesson 2.10" */ = {
			isa = XCConfigurationList;
			buildConfigurations = (
				8B0A433327FA115100A17992 /* Debug */,
				8B0A433427FA115100A17992 /* Release */,
			);
			defaultConfigurationIsVisible = 0;
			defaultConfigurationName = Release;
		};
		8B0A433527FA115100A17992 /* Build configuration list for PBXNativeTarget "Lesson 2.10" */ = {
			isa = XCConfigurationList;
			buildConfigurations = (
				8B0A433627FA115100A17992 /* Debug */,
				8B0A433727FA115100A17992 /* Release */,
			);
			defaultConfigurationIsVisible = 0;
			defaultConfigurationName = Release;
		};
/* End XCConfigurationList section */
	};
	rootObject = 8B0A431927FA114A00A17992 /* Project object */;
}
